
Microsoft Visual Studio Solution File, Format Version 12.00
# Visual Studio 15
VisualStudioVersion = 15.0.28307.136
MinimumVisualStudioVersion = 10.0.40219.1
Project("{9A19103F-16F7-4668-BE54-9A1E7A4F7556}") = "TeamB", "TeamB\TeamB.csproj", "{69F0A101-34D6-4152-AF4E-02AC85245FDB}"
EndProject
Project("{9A19103F-16F7-4668-BE54-9A1E7A4F7556}") = "TeamB.Tests", "TeamB.Tests\TeamB.Tests.csproj", "{D599EE68-D45A-481B-AEBF-4850D75320DA}"
EndProject
Global
	GlobalSection(SolutionConfigurationPlatforms) = preSolution
		Debug|Any CPU = Debug|Any CPU
		Release|Any CPU = Release|Any CPU
	EndGlobalSection
	GlobalSection(ProjectConfigurationPlatforms) = postSolution
		{69F0A101-34D6-4152-AF4E-02AC85245FDB}.Debug|Any CPU.ActiveCfg = Debug|Any CPU
		{69F0A101-34D6-4152-AF4E-02AC85245FDB}.Debug|Any CPU.Build.0 = Debug|Any CPU
		{69F0A101-34D6-4152-AF4E-02AC85245FDB}.Release|Any CPU.ActiveCfg = Release|Any CPU
		{69F0A101-34D6-4152-AF4E-02AC85245FDB}.Release|Any CPU.Build.0 = Release|Any CPU
		{D599EE68-D45A-481B-AEBF-4850D75320DA}.Debug|Any CPU.ActiveCfg = Debug|Any CPU
		{D599EE68-D45A-481B-AEBF-4850D75320DA}.Debug|Any CPU.Build.0 = Debug|Any CPU
		{D599EE68-D45A-481B-AEBF-4850D75320DA}.Release|Any CPU.ActiveCfg = Release|Any CPU
		{D599EE68-D45A-481B-AEBF-4850D75320DA}.Release|Any CPU.Build.0 = Release|Any CPU
	EndGlobalSection
	GlobalSection(SolutionProperties) = preSolution
		HideSolutionNode = FALSE
	EndGlobalSection
	GlobalSection(ExtensibilityGlobals) = postSolution
		SolutionGuid = {89E38AC4-C986-4D4D-9A43-1EFBC536C845}
	EndGlobalSection
EndGlobal
